
Microsoft Visual Studio Solution File, Format Version 12.00
# Visual Studio 15
VisualStudioVersion = 15.0.28010.2003
MinimumVisualStudioVersion = 10.0.40219.1
Project("{9A19103F-16F7-4668-BE54-9A1E7A4F7556}") = "XnbConvert", "XnbConvert\XnbConvert.csproj", "{723DB4C1-F30A-46FD-A978-D567E5F4B30F}"
EndProject
Project("{9A19103F-16F7-4668-BE54-9A1E7A4F7556}") = "XnbConvert.Test", "XnbConvert.Test\XnbConvert.Test.csproj", "{2CE0BB48-A25C-46B4-B4CB-D76D2106CF15}"
EndProject
Project("{FAE04EC0-301F-11D3-BF4B-00C04F79EFBC}") = "StardewValleyLocalization", "StardewValleyLocalization\StardewValleyLocalization.csproj", "{F38104CD-E6BF-424F-8B4A-65E993BA9439}"
EndProject
Global
	GlobalSection(SolutionConfigurationPlatforms) = preSolution
		Debug|Any CPU = Debug|Any CPU
		Release|Any CPU = Release|Any CPU
	EndGlobalSection
	GlobalSection(ProjectConfigurationPlatforms) = postSolution
		{723DB4C1-F30A-46FD-A978-D567E5F4B30F}.Debug|Any CPU.ActiveCfg = Debug|Any CPU
		{723DB4C1-F30A-46FD-A978-D567E5F4B30F}.Debug|Any CPU.Build.0 = Debug|Any CPU
		{723DB4C1-F30A-46FD-A978-D567E5F4B30F}.Release|Any CPU.ActiveCfg = Release|Any CPU
		{723DB4C1-F30A-46FD-A978-D567E5F4B30F}.Release|Any CPU.Build.0 = Release|Any CPU
		{2CE0BB48-A25C-46B4-B4CB-D76D2106CF15}.Debug|Any CPU.ActiveCfg = Debug|Any CPU
		{2CE0BB48-A25C-46B4-B4CB-D76D2106CF15}.Debug|Any CPU.Build.0 = Debug|Any CPU
		{2CE0BB48-A25C-46B4-B4CB-D76D2106CF15}.Release|Any CPU.ActiveCfg = Release|Any CPU
		{2CE0BB48-A25C-46B4-B4CB-D76D2106CF15}.Release|Any CPU.Build.0 = Release|Any CPU
		{F38104CD-E6BF-424F-8B4A-65E993BA9439}.Debug|Any CPU.ActiveCfg = Debug|Any CPU
		{F38104CD-E6BF-424F-8B4A-65E993BA9439}.Debug|Any CPU.Build.0 = Debug|Any CPU
		{F38104CD-E6BF-424F-8B4A-65E993BA9439}.Release|Any CPU.ActiveCfg = Release|Any CPU
		{F38104CD-E6BF-424F-8B4A-65E993BA9439}.Release|Any CPU.Build.0 = Release|Any CPU
	EndGlobalSection
	GlobalSection(SolutionProperties) = preSolution
		HideSolutionNode = FALSE
	EndGlobalSection
	GlobalSection(ExtensibilityGlobals) = postSolution
		SolutionGuid = {5305B43A-52EA-44B7-8576-A1812EDBEAFD}
	EndGlobalSection
EndGlobal
